
Microsoft Visual Studio Solution File, Format Version 12.00
# Visual Studio 15
VisualStudioVersion = 15.0.27130.2036
MinimumVisualStudioVersion = 10.0.40219.1
Project("{FAE04EC0-301F-11D3-BF4B-00C04F79EFBC}") = "capstonerunning", "capstonerunning\capstonerunning.csproj", "{9B1F6746-C964-414A-AC67-B5FFD496674B}"
EndProject
Global
	GlobalSection(SolutionConfigurationPlatforms) = preSolution
		Debug|Any CPU = Debug|Any CPU
		Release|Any CPU = Release|Any CPU
	EndGlobalSection
	GlobalSection(ProjectConfigurationPlatforms) = postSolution
		{9B1F6746-C964-414A-AC67-B5FFD496674B}.Debug|Any CPU.ActiveCfg = Debug|Any CPU
		{9B1F6746-C964-414A-AC67-B5FFD496674B}.Debug|Any CPU.Build.0 = Debug|Any CPU
		{9B1F6746-C964-414A-AC67-B5FFD496674B}.Release|Any CPU.ActiveCfg = Release|Any CPU
		{9B1F6746-C964-414A-AC67-B5FFD496674B}.Release|Any CPU.Build.0 = Release|Any CPU
	EndGlobalSection
	GlobalSection(SolutionProperties) = preSolution
		HideSolutionNode = FALSE
	EndGlobalSection
	GlobalSection(ExtensibilityGlobals) = postSolution
		SolutionGuid = {0CD71566-0582-4700-9DCE-4E43EDC6A4CA}
	EndGlobalSection
EndGlobal
